
Microsoft Visual Studio Solution File, Format Version 12.00
# Visual Studio Version 17
VisualStudioVersion = 17.2.32616.157
MinimumVisualStudioVersion = 10.0.40219.1
Project("{FAE04EC0-301F-11D3-BF4B-00C04F79EFBC}") = "BeautySalonAPI", "BeautySalonAPI.csproj", "{1BCCCE31-7077-441E-AB77-B075FB6E6177}"
EndProject
Global
	GlobalSection(SolutionConfigurationPlatforms) = preSolution
		Debug|Any CPU = Debug|Any CPU
		Release|Any CPU = Release|Any CPU
	EndGlobalSection
	GlobalSection(ProjectConfigurationPlatforms) = postSolution
		{1BCCCE31-7077-441E-AB77-B075FB6E6177}.Debug|Any CPU.ActiveCfg = Debug|Any CPU
		{1BCCCE31-7077-441E-AB77-B075FB6E6177}.Debug|Any CPU.Build.0 = Debug|Any CPU
		{1BCCCE31-7077-441E-AB77-B075FB6E6177}.Release|Any CPU.ActiveCfg = Release|Any CPU
		{1BCCCE31-7077-441E-AB77-B075FB6E6177}.Release|Any CPU.Build.0 = Release|Any CPU
	EndGlobalSection
	GlobalSection(SolutionProperties) = preSolution
		HideSolutionNode = FALSE
	EndGlobalSection
	GlobalSection(ExtensibilityGlobals) = postSolution
		SolutionGuid = {5F7D01CE-089B-42D2-8984-FC0C34AE7810}
	EndGlobalSection
EndGlobal
